
Microsoft Visual Studio Solution File, Format Version 12.00
# Visual Studio 15
VisualStudioVersion = 15.0.28307.1321
MinimumVisualStudioVersion = 10.0.40219.1
Project("{9A19103F-16F7-4668-BE54-9A1E7A4F7556}") = "TUT_BY_SEARCH_TESTS", "UnitTestProject1\TUT_BY_SEARCH_TESTS.csproj", "{70C152A7-F651-4EE4-8A4B-C82048DB761C}"
EndProject
Project("{9A19103F-16F7-4668-BE54-9A1E7A4F7556}") = "TUT_BY_POST_TESTS", "UnitTestProject2\TUT_BY_POST_TESTS.csproj", "{B64577CB-048C-48FE-B5FE-2CDB18F22F55}"
EndProject
Project("{2150E333-8FDC-42A3-9474-1A3956D46DE8}") = "NewFolder1", "NewFolder1", "{C27C0AF7-098C-4FF3-8CEE-46A2F58FF50B}"
EndProject
Global
	GlobalSection(SolutionConfigurationPlatforms) = preSolution
		Debug|Any CPU = Debug|Any CPU
		Release|Any CPU = Release|Any CPU
	EndGlobalSection
	GlobalSection(ProjectConfigurationPlatforms) = postSolution
		{70C152A7-F651-4EE4-8A4B-C82048DB761C}.Debug|Any CPU.ActiveCfg = Debug|Any CPU
		{70C152A7-F651-4EE4-8A4B-C82048DB761C}.Debug|Any CPU.Build.0 = Debug|Any CPU
		{70C152A7-F651-4EE4-8A4B-C82048DB761C}.Release|Any CPU.ActiveCfg = Release|Any CPU
		{70C152A7-F651-4EE4-8A4B-C82048DB761C}.Release|Any CPU.Build.0 = Release|Any CPU
		{B64577CB-048C-48FE-B5FE-2CDB18F22F55}.Debug|Any CPU.ActiveCfg = Debug|Any CPU
		{B64577CB-048C-48FE-B5FE-2CDB18F22F55}.Debug|Any CPU.Build.0 = Debug|Any CPU
		{B64577CB-048C-48FE-B5FE-2CDB18F22F55}.Release|Any CPU.ActiveCfg = Release|Any CPU
		{B64577CB-048C-48FE-B5FE-2CDB18F22F55}.Release|Any CPU.Build.0 = Release|Any CPU
	EndGlobalSection
	GlobalSection(SolutionProperties) = preSolution
		HideSolutionNode = FALSE
	EndGlobalSection
	GlobalSection(NestedProjects) = preSolution
		{70C152A7-F651-4EE4-8A4B-C82048DB761C} = {C27C0AF7-098C-4FF3-8CEE-46A2F58FF50B}
		{B64577CB-048C-48FE-B5FE-2CDB18F22F55} = {C27C0AF7-098C-4FF3-8CEE-46A2F58FF50B}
	EndGlobalSection
	GlobalSection(ExtensibilityGlobals) = postSolution
		SolutionGuid = {EE0E63B3-4D47-4B81-9EC7-35B0C4495134}
	EndGlobalSection
EndGlobal
